// !$*UTF8*$!
{
	archiveVersion = 1;
	classes = {
	};
	objectVersion = 50;
	objects = {

/* Begin PBXBuildFile section */
		8D54C89E242CFD61003E4FEF /* AppDelegate.swift in Sources */ = {isa = PBXBuildFile; fileRef = 8D54C89D242CFD61003E4FEF /* AppDelegate.swift */; };
		8D54C8A0242CFD61003E4FEF /* SceneDelegate.swift in Sources */ = {isa = PBXBuildFile; fileRef = 8D54C89F242CFD61003E4FEF /* SceneDelegate.swift */; };
		8D54C8A2242CFD61003E4FEF /* ContentView.swift in Sources */ = {isa = PBXBuildFile; fileRef = 8D54C8A1242CFD61003E4FEF /* ContentView.swift */; };
		8D54C8A4242CFD63003E4FEF /* Assets.xcassets in Resources */ = {isa = PBXBuildFile; fileRef = 8D54C8A3242CFD63003E4FEF /* Assets.xcassets */; };
		8D54C8A7242CFD63003E4FEF /* Preview Assets.xcassets in Resources */ = {isa = PBXBuildFile; fileRef = 8D54C8A6242CFD63003E4FEF /* Preview Assets.xcassets */; };
		8D54C8AA242CFD63003E4FEF /* LaunchScreen.storyboard in Resources */ = {isa = PBXBuildFile; fileRef = 8D54C8A8242CFD63003E4FEF /* LaunchScreen.storyboard */; };
		8DE9B2E7242D3CD900313346 /* NetworkManager.swift in Sources */ = {isa = PBXBuildFile; fileRef = 8DE9B2E6242D3CD900313346 /* NetworkManager.swift */; };
		8DE9B2E9242D40E200313346 /* PostData.swift in Sources */ = {isa = PBXBuildFile; fileRef = 8DE9B2E8242D40E200313346 /* PostData.swift */; };
		8DE9B2EC242E2D9E00313346 /* DetailView.swift in Sources */ = {isa = PBXBuildFile; fileRef = 8DE9B2EB242E2D9E00313346 /* DetailView.swift */; };
		8DE9B2EE242E77CC00313346 /* WebView.swift in Sources */ = {isa = PBXBuildFile; fileRef = 8DE9B2ED242E77CC00313346 /* WebView.swift */; };
/* End PBXBuildFile section */

/* Begin PBXFileReference section */
		8D54C89A242CFD61003E4FEF /* NewsReader-iOS13.app */ = {isa = PBXFileReference; explicitFileType = wrapper.application; includeInIndex = 0; path = "NewsReader-iOS13.app"; sourceTree = BUILT_PRODUCTS_DIR; };
		8D54C89D242CFD61003E4FEF /* AppDelegate.swift */ = {isa = PBXFileReference; lastKnownFileType = sourcecode.swift; path = AppDelegate.swift; sourceTree = "<group>"; };
		8D54C89F242CFD61003E4FEF /* SceneDelegate.swift */ = {isa = PBXFileReference; lastKnownFileType = sourcecode.swift; path = SceneDelegate.swift; sourceTree = "<group>"; };
		8D54C8A1242CFD61003E4FEF /* ContentView.swift */ = {isa = PBXFileReference; lastKnownFileType = sourcecode.swift; path = ContentView.swift; sourceTree = "<group>"; };
		8D54C8A3242CFD63003E4FEF /* Assets.xcassets */ = {isa = PBXFileReference; lastKnownFileType = folder.assetcatalog; path = Assets.xcassets; sourceTree = "<group>"; };
		8D54C8A6242CFD63003E4FEF /* Preview Assets.xcassets */ = {isa = PBXFileReference; lastKnownFileType = folder.assetcatalog; path = "Preview Assets.xcassets"; sourceTree = "<group>"; };
		8D54C8A9242CFD63003E4FEF /* Base */ = {isa = PBXFileReference; lastKnownFileType = file.storyboard; name = Base; path = Base.lproj/LaunchScreen.storyboard; sourceTree = "<group>"; };
		8D54C8AB242CFD63003E4FEF /* Info.plist */ = {isa = PBXFileReference; lastKnownFileType = text.plist.xml; path = Info.plist; sourceTree = "<group>"; };
		8DE9B2E6242D3CD900313346 /* NetworkManager.swift */ = {isa = PBXFileReference; lastKnownFileType = sourcecode.swift; path = NetworkManager.swift; sourceTree = "<group>"; };
		8DE9B2E8242D40E200313346 /* PostData.swift */ = {isa = PBXFileReference; lastKnownFileType = sourcecode.swift; path = PostData.swift; sourceTree = "<group>"; };
		8DE9B2EB242E2D9E00313346 /* DetailView.swift */ = {isa = PBXFileReference; lastKnownFileType = sourcecode.swift; path = DetailView.swift; sourceTree = "<group>"; };
		8DE9B2ED242E77CC00313346 /* WebView.swift */ = {isa = PBXFileReference; lastKnownFileType = sourcecode.swift; path = WebView.swift; sourceTree = "<group>"; };
/* End PBXFileReference section */

/* Begin PBXFrameworksBuildPhase section */
		8D54C897242CFD61003E4FEF /* Frameworks */ = {
			isa = PBXFrameworksBuildPhase;
			buildActionMask = 2147483647;
			files = (
			);
			runOnlyForDeploymentPostprocessing = 0;
		};
/* End PBXFrameworksBuildPhase section */

/* Begin PBXGroup section */
		8D54C891242CFD61003E4FEF = {
			isa = PBXGroup;
			children = (
				8D54C89C242CFD61003E4FEF /* NewsReader-iOS13 */,
				8D54C89B242CFD61003E4FEF /* Products */,
			);
			sourceTree = "<group>";
		};
		8D54C89B242CFD61003E4FEF /* Products */ = {
			isa = PBXGroup;
			children = (
				8D54C89A242CFD61003E4FEF /* NewsReader-iOS13.app */,
			);
			name = Products;
			sourceTree = "<group>";
		};
		8D54C89C242CFD61003E4FEF /* NewsReader-iOS13 */ = {
			isa = PBXGroup;
			children = (
				8D54C89D242CFD61003E4FEF /* AppDelegate.swift */,
				8D54C89F242CFD61003E4FEF /* SceneDelegate.swift */,
				8DE9B2EA242E2D8500313346 /* Views */,
				8DE9B2E5242D3C9B00313346 /* Models */,
				8D54C8A3242CFD63003E4FEF /* Assets.xcassets */,
				8D54C8A8242CFD63003E4FEF /* LaunchScreen.storyboard */,
				8D54C8AB242CFD63003E4FEF /* Info.plist */,
				8D54C8A5242CFD63003E4FEF /* Preview Content */,
			);
			path = "NewsReader-iOS13";
			sourceTree = "<group>";
		};
		8D54C8A5242CFD63003E4FEF /* Preview Content */ = {
			isa = PBXGroup;
			children = (
				8D54C8A6242CFD63003E4FEF /* Preview Assets.xcassets */,
			);
			path = "Preview Content";
			sourceTree = "<group>";
		};
		8DE9B2E5242D3C9B00313346 /* Models */ = {
			isa = PBXGroup;
			children = (
				8DE9B2E6242D3CD900313346 /* NetworkManager.swift */,
				8DE9B2E8242D40E200313346 /* PostData.swift */,
			);
			path = Models;
			sourceTree = "<group>";
		};
		8DE9B2EA242E2D8500313346 /* Views */ = {
			isa = PBXGroup;
			children = (
				8D54C8A1242CFD61003E4FEF /* ContentView.swift */,
				8DE9B2EB242E2D9E00313346 /* DetailView.swift */,
				8DE9B2ED242E77CC00313346 /* WebView.swift */,
			);
			path = Views;
			sourceTree = "<group>";
		};
/* End PBXGroup section */

/* Begin PBXNativeTarget section */
		8D54C899242CFD61003E4FEF /* NewsReader-iOS13 */ = {
			isa = PBXNativeTarget;
			buildConfigurationList = 8D54C8AE242CFD63003E4FEF /* Build configuration list for PBXNativeTarget "NewsReader-iOS13" */;
			buildPhases = (
				8D54C896242CFD61003E4FEF /* Sources */,
				8D54C897242CFD61003E4FEF /* Frameworks */,
				8D54C898242CFD61003E4FEF /* Resources */,
			);
			buildRules = (
			);
			dependencies = (
			);
			name = "NewsReader-iOS13";
			productName = "NewsReader-iOS13";
			productReference = 8D54C89A242CFD61003E4FEF /* NewsReader-iOS13.app */;
			productType = "com.apple.product-type.application";
		};
/* End PBXNativeTarget section */

/* Begin PBXProject section */
		8D54C892242CFD61003E4FEF /* Project object */ = {
			isa = PBXProject;
			attributes = {
				LastSwiftUpdateCheck = 1140;
				LastUpgradeCheck = 1140;
				ORGANIZATIONNAME = "Dennis Nesanoff";
				TargetAttributes = {
					8D54C899242CFD61003E4FEF = {
						CreatedOnToolsVersion = 11.4;
					};
				};
			};
			buildConfigurationList = 8D54C895242CFD61003E4FEF /* Build configuration list for PBXProject "NewsReader-iOS13" */;
			compatibilityVersion = "Xcode 9.3";
			developmentRegion = en;
			hasScannedForEncodings = 0;
			knownRegions = (
				en,
				Base,
			);
			mainGroup = 8D54C891242CFD61003E4FEF;
			productRefGroup = 8D54C89B242CFD61003E4FEF /* Products */;
			projectDirPath = "";
			projectRoot = "";
			targets = (
				8D54C899242CFD61003E4FEF /* NewsReader-iOS13 */,
			);
		};
/* End PBXProject section */

/* Begin PBXResourcesBuildPhase section */
		8D54C898242CFD61003E4FEF /* Resources */ = {
			isa = PBXResourcesBuildPhase;
			buildActionMask = 2147483647;
			files = (
				8D54C8AA242CFD63003E4FEF /* LaunchScreen.storyboard in Resources */,
				8D54C8A7242CFD63003E4FEF /* Preview Assets.xcassets in Resources */,
				8D54C8A4242CFD63003E4FEF /* Assets.xcassets in Resources */,
			);
			runOnlyForDeploymentPostprocessing = 0;
		};
/* End PBXResourcesBuildPhase section */

/* Begin PBXSourcesBuildPhase section */
		8D54C896242CFD61003E4FEF /* Sources */ = {
			isa = PBXSourcesBuildPhase;
			buildActionMask = 2147483647;
			files = (
				8DE9B2E9242D40E200313346 /* PostData.swift in Sources */,
				8DE9B2EC242E2D9E00313346 /* DetailView.swift in Sources */,
				8DE9B2E7242D3CD900313346 /* NetworkManager.swift in Sources */,
				8D54C89E242CFD61003E4FEF /* AppDelegate.swift in Sources */,
				8D54C8A0242CFD61003E4FEF /* SceneDelegate.swift in Sources */,
				8D54C8A2242CFD61003E4FEF /* ContentView.swift in Sources */,
				8DE9B2EE242E77CC00313346 /* WebView.swift in Sources */,
			);
			runOnlyForDeploymentPostprocessing = 0;
		};
/* End PBXSourcesBuildPhase section */

/* Begin PBXVariantGroup section */
		8D54C8A8242CFD63003E4FEF /* LaunchScreen.storyboard */ = {
			isa = PBXVariantGroup;
			children = (
				8D54C8A9242CFD63003E4FEF /* Base */,
			);
			name = LaunchScreen.storyboard;
			sourceTree = "<group>";
		};
/* End PBXVariantGroup section */

/* Begin XCBuildConfiguration section */
		8D54C8AC242CFD63003E4FEF /* Debug */ = {
			isa = XCBuildConfiguration;
			buildSettings = {
				ALWAYS_SEARCH_USER_PATHS = NO;
				CLANG_ANALYZER_NONNULL = YES;
				CLANG_ANALYZER_NUMBER_OBJECT_CONVERSION = YES_AGGRESSIVE;
				CLANG_CXX_LANGUAGE_STANDARD = "gnu++14";
				CLANG_CXX_LIBRARY = "libc++";
				CLANG_ENABLE_MODULES = YES;
				CLANG_ENABLE_OBJC_ARC = YES;
				CLANG_ENABLE_OBJC_WEAK = YES;
				CLANG_WARN_BLOCK_CAPTURE_AUTORELEASING = YES;
				CLANG_WARN_BOOL_CONVERSION = YES;
				CLANG_WARN_COMMA = YES;
				CLANG_WARN_CONSTANT_CONVERSION = YES;
				CLANG_WARN_DEPRECATED_OBJC_IMPLEMENTATIONS = YES;
				CLANG_WARN_DIRECT_OBJC_ISA_USAGE = YES_ERROR;
				CLANG_WARN_DOCUMENTATION_COMMENTS = YES;
				CLANG_WARN_EMPTY_BODY = YES;
				CLANG_WARN_ENUM_CONVERSION = YES;
				CLANG_WARN_INFINITE_RECURSION = YES;
				CLANG_WARN_INT_CONVERSION = YES;
				CLANG_WARN_NON_LITERAL_NULL_CONVERSION = YES;
				CLANG_WARN_OBJC_IMPLICIT_RETAIN_SELF = YES;
				CLANG_WARN_OBJC_LITERAL_CONVERSION = YES;
				CLANG_WARN_OBJC_ROOT_CLASS = YES_ERROR;
				CLANG_WARN_RANGE_LOOP_ANALYSIS = YES;
				CLANG_WARN_STRICT_PROTOTYPES = YES;
				CLANG_WARN_SUSPICIOUS_MOVE = YES;
				CLANG_WARN_UNGUARDED_AVAILABILITY = YES_AGGRESSIVE;
				CLANG_WARN_UNREACHABLE_CODE = YES;
				CLANG_WARN__DUPLICATE_METHOD_MATCH = YES;
				COPY_PHASE_STRIP = NO;
				DEBUG_INFORMATION_FORMAT = dwarf;
				ENABLE_STRICT_OBJC_MSGSEND = YES;
				ENABLE_TESTABILITY = YES;
				GCC_C_LANGUAGE_STANDARD = gnu11;
				GCC_DYNAMIC_NO_PIC = NO;
				GCC_NO_COMMON_BLOCKS = YES;
				GCC_OPTIMIZATION_LEVEL = 0;
				GCC_PREPROCESSOR_DEFINITIONS = (
					"DEBUG=1",
					"$(inherited)",
				);
				GCC_WARN_64_TO_32_BIT_CONVERSION = YES;
				GCC_WARN_ABOUT_RETURN_TYPE = YES_ERROR;
				GCC_WARN_UNDECLARED_SELECTOR = YES;
				GCC_WARN_UNINITIALIZED_AUTOS = YES_AGGRESSIVE;
				GCC_WARN_UNUSED_FUNCTION = YES;
				GCC_WARN_UNUSED_VARIABLE = YES;
				IPHONEOS_DEPLOYMENT_TARGET = 13.4;
				MTL_ENABLE_DEBUG_INFO = INCLUDE_SOURCE;
				MTL_FAST_MATH = YES;
				ONLY_ACTIVE_ARCH = YES;
				SDKROOT = iphoneos;
				SWIFT_ACTIVE_COMPILATION_CONDITIONS = DEBUG;
				SWIFT_OPTIMIZATION_LEVEL = "-Onone";
			};
			name = Debug;
		};
		8D54C8AD242CFD63003E4FEF /* Release */ = {
			isa = XCBuildConfiguration;
			buildSettings = {
				ALWAYS_SEARCH_USER_PATHS = NO;
				CLANG_ANALYZER_NONNULL = YES;
				CLANG_ANALYZER_NUMBER_OBJECT_CONVERSION = YES_AGGRESSIVE;
				CLANG_CXX_LANGUAGE_STANDARD = "gnu++14";
				CLANG_CXX_LIBRARY = "libc++";
				CLANG_ENABLE_MODULES = YES;
				CLANG_ENABLE_OBJC_ARC = YES;
				CLANG_ENABLE_OBJC_WEAK = YES;
				CLANG_WARN_BLOCK_CAPTURE_AUTORELEASING = YES;
				CLANG_WARN_BOOL_CONVERSION = YES;
				CLANG_WARN_COMMA = YES;
				CLANG_WARN_CONSTANT_CONVERSION = YES;
				CLANG_WARN_DEPRECATED_OBJC_IMPLEMENTATIONS = YES;
				CLANG_WARN_DIRECT_OBJC_ISA_USAGE = YES_ERROR;
				CLANG_WARN_DOCUMENTATION_COMMENTS = YES;
				CLANG_WARN_EMPTY_BODY = YES;
				CLANG_WARN_ENUM_CONVERSION = YES;
				CLANG_WARN_INFINITE_RECURSION = YES;
				CLANG_WARN_INT_CONVERSION = YES;
				CLANG_WARN_NON_LITERAL_NULL_CONVERSION = YES;
				CLANG_WARN_OBJC_IMPLICIT_RETAIN_SELF = YES;
				CLANG_WARN_OBJC_LITERAL_CONVERSION = YES;
				CLANG_WARN_OBJC_ROOT_CLASS = YES_ERROR;
				CLANG_WARN_RANGE_LOOP_ANALYSIS = YES;
				CLANG_WARN_STRICT_PROTOTYPES = YES;
				CLANG_WARN_SUSPICIOUS_MOVE = YES;
				CLANG_WARN_UNGUARDED_AVAILABILITY = YES_AGGRESSIVE;
				CLANG_WARN_UNREACHABLE_CODE = YES;
				CLANG_WARN__DUPLICATE_METHOD_MATCH = YES;
				COPY_PHASE_STRIP = NO;
				DEBUG_INFORMATION_FORMAT = "dwarf-with-dsym";
				ENABLE_NS_ASSERTIONS = NO;
				ENABLE_STRICT_OBJC_MSGSEND = YES;
				GCC_C_LANGUAGE_STANDARD = gnu11;
				GCC_NO_COMMON_BLOCKS = YES;
				GCC_WARN_64_TO_32_BIT_CONVERSION = YES;
				GCC_WARN_ABOUT_RETURN_TYPE = YES_ERROR;
				GCC_WARN_UNDECLARED_SELECTOR = YES;
				GCC_WARN_UNINITIALIZED_AUTOS = YES_AGGRESSIVE;
				GCC_WARN_UNUSED_FUNCTION = YES;
				GCC_WARN_UNUSED_VARIABLE = YES;
				IPHONEOS_DEPLOYMENT_TARGET = 13.4;
				MTL_ENABLE_DEBUG_INFO = NO;
				MTL_FAST_MATH = YES;
				SDKROOT = iphoneos;
				SWIFT_COMPILATION_MODE = wholemodule;
				SWIFT_OPTIMIZATION_LEVEL = "-O";
				VALIDATE_PRODUCT = YES;
			};
			name = Release;
		};
		8D54C8AF242CFD63003E4FEF /* Debug */ = {
			isa = XCBuildConfiguration;
			buildSettings = {
				ASSETCATALOG_COMPILER_APPICON_NAME = AppIcon;
				CODE_SIGN_STYLE = Automatic;
				DEVELOPMENT_ASSET_PATHS = "\"NewsReader-iOS13/Preview Content\"";
				DEVELOPMENT_TEAM = C4R95F3PX7;
				ENABLE_PREVIEWS = YES;
				INFOPLIST_FILE = "NewsReader-iOS13/Info.plist";
				LD_RUNPATH_SEARCH_PATHS = (
					"$(inherited)",
					"@executable_path/Frameworks",
				);
				PRODUCT_BUNDLE_IDENTIFIER = "nesanoff.NewsReader-iOS13";
				PRODUCT_NAME = "$(TARGET_NAME)";
				SWIFT_VERSION = 5.0;
				TARGETED_DEVICE_FAMILY = "1,2";
			};
			name = Debug;
		};
		8D54C8B0242CFD63003E4FEF /* Release */ = {
			isa = XCBuildConfiguration;
			buildSettings = {
				ASSETCATALOG_COMPILER_APPICON_NAME = AppIcon;
				CODE_SIGN_STYLE = Automatic;
				DEVELOPMENT_ASSET_PATHS = "\"NewsReader-iOS13/Preview Content\"";
				DEVELOPMENT_TEAM = C4R95F3PX7;
				ENABLE_PREVIEWS = YES;
				INFOPLIST_FILE = "NewsReader-iOS13/Info.plist";
				LD_RUNPATH_SEARCH_PATHS = (
					"$(inherited)",
					"@executable_path/Frameworks",
				);
				PRODUCT_BUNDLE_IDENTIFIER = "nesanoff.NewsReader-iOS13";
				PRODUCT_NAME = "$(TARGET_NAME)";
				SWIFT_VERSION = 5.0;
				TARGETED_DEVICE_FAMILY = "1,2";
			};
			name = Release;
		};
/* End XCBuildConfiguration section */

/* Begin XCConfigurationList section */
		8D54C895242CFD61003E4FEF /* Build configuration list for PBXProject "NewsReader-iOS13" */ = {
			isa = XCConfigurationList;
			buildConfigurations = (
				8D54C8AC242CFD63003E4FEF /* Debug */,
				8D54C8AD242CFD63003E4FEF /* Release */,
			);
			defaultConfigurationIsVisible = 0;
			defaultConfigurationName = Release;
		};
		8D54C8AE242CFD63003E4FEF /* Build configuration list for PBXNativeTarget "NewsReader-iOS13" */ = {
			isa = XCConfigurationList;
			buildConfigurations = (
				8D54C8AF242CFD63003E4FEF /* Debug */,
				8D54C8B0242CFD63003E4FEF /* Release */,
			);
			defaultConfigurationIsVisible = 0;
			defaultConfigurationName = Release;
		};
/* End XCConfigurationList section */
	};
	rootObject = 8D54C892242CFD61003E4FEF /* Project object */;
}
